// !$*UTF8*$!
{
	archiveVersion = 1;
	classes = {
	};
	objectVersion = 56;
	objects = {

/* Begin PBXBuildFile section */
		3FB6905A2CCBCF9E004A99A5 /* project_5App.swift in Sources */ = {isa = PBXBuildFile; fileRef = 3FB690592CCBCF9E004A99A5 /* project_5App.swift */; };
		3FB6905C2CCBCF9E004A99A5 /* ContentView.swift in Sources */ = {isa = PBXBuildFile; fileRef = 3FB6905B2CCBCF9E004A99A5 /* ContentView.swift */; };
		3FB6905E2CCBCFA0004A99A5 /* Assets.xcassets in Resources */ = {isa = PBXBuildFile; fileRef = 3FB6905D2CCBCFA0004A99A5 /* Assets.xcassets */; };
		3FB690612CCBCFA0004A99A5 /* Preview Assets.xcassets in Resources */ = {isa = PBXBuildFile; fileRef = 3FB690602CCBCFA0004A99A5 /* Preview Assets.xcassets */; };
		3FB6906B2CCBCFA1004A99A5 /* project_5Tests.swift in Sources */ = {isa = PBXBuildFile; fileRef = 3FB6906A2CCBCFA1004A99A5 /* project_5Tests.swift */; };
		3FB690752CCBCFA1004A99A5 /* project_5UITests.swift in Sources */ = {isa = PBXBuildFile; fileRef = 3FB690742CCBCFA1004A99A5 /* project_5UITests.swift */; };
		3FB690772CCBCFA1004A99A5 /* project_5UITestsLaunchTests.swift in Sources */ = {isa = PBXBuildFile; fileRef = 3FB690762CCBCFA1004A99A5 /* project_5UITestsLaunchTests.swift */; };
/* End PBXBuildFile section */

/* Begin PBXContainerItemProxy section */
		3FB690672CCBCFA1004A99A5 /* PBXContainerItemProxy */ = {
			isa = PBXContainerItemProxy;
			containerPortal = 3FB6904E2CCBCF9E004A99A5 /* Project object */;
			proxyType = 1;
			remoteGlobalIDString = 3FB690552CCBCF9E004A99A5;
			remoteInfo = "project 5";
		};
		3FB690712CCBCFA1004A99A5 /* PBXContainerItemProxy */ = {
			isa = PBXContainerItemProxy;
			containerPortal = 3FB6904E2CCBCF9E004A99A5 /* Project object */;
			proxyType = 1;
			remoteGlobalIDString = 3FB690552CCBCF9E004A99A5;
			remoteInfo = "project 5";
		};
/* End PBXContainerItemProxy section */

/* Begin PBXFileReference section */
		3FB690562CCBCF9E004A99A5 /* project 5.app */ = {isa = PBXFileReference; explicitFileType = wrapper.application; includeInIndex = 0; path = "project 5.app"; sourceTree = BUILT_PRODUCTS_DIR; };
		3FB690592CCBCF9E004A99A5 /* project_5App.swift */ = {isa = PBXFileReference; lastKnownFileType = sourcecode.swift; path = project_5App.swift; sourceTree = "<group>"; };
		3FB6905B2CCBCF9E004A99A5 /* ContentView.swift */ = {isa = PBXFileReference; lastKnownFileType = sourcecode.swift; path = ContentView.swift; sourceTree = "<group>"; };
		3FB6905D2CCBCFA0004A99A5 /* Assets.xcassets */ = {isa = PBXFileReference; lastKnownFileType = folder.assetcatalog; path = Assets.xcassets; sourceTree = "<group>"; };
		3FB690602CCBCFA0004A99A5 /* Preview Assets.xcassets */ = {isa = PBXFileReference; lastKnownFileType = folder.assetcatalog; path = "Preview Assets.xcassets"; sourceTree = "<group>"; };
		3FB690662CCBCFA1004A99A5 /* project 5Tests.xctest */ = {isa = PBXFileReference; explicitFileType = wrapper.cfbundle; includeInIndex = 0; path = "project 5Tests.xctest"; sourceTree = BUILT_PRODUCTS_DIR; };
		3FB6906A2CCBCFA1004A99A5 /* project_5Tests.swift */ = {isa = PBXFileReference; lastKnownFileType = sourcecode.swift; path = project_5Tests.swift; sourceTree = "<group>"; };
		3FB690702CCBCFA1004A99A5 /* project 5UITests.xctest */ = {isa = PBXFileReference; explicitFileType = wrapper.cfbundle; includeInIndex = 0; path = "project 5UITests.xctest"; sourceTree = BUILT_PRODUCTS_DIR; };
		3FB690742CCBCFA1004A99A5 /* project_5UITests.swift */ = {isa = PBXFileReference; lastKnownFileType = sourcecode.swift; path = project_5UITests.swift; sourceTree = "<group>"; };
		3FB690762CCBCFA1004A99A5 /* project_5UITestsLaunchTests.swift */ = {isa = PBXFileReference; lastKnownFileType = sourcecode.swift; path = project_5UITestsLaunchTests.swift; sourceTree = "<group>"; };
/* End PBXFileReference section */

/* Begin PBXFrameworksBuildPhase section */
		3FB690532CCBCF9E004A99A5 /* Frameworks */ = {
			isa = PBXFrameworksBuildPhase;
			buildActionMask = 2147483647;
			files = (
			);
			runOnlyForDeploymentPostprocessing = 0;
		};
		3FB690632CCBCFA1004A99A5 /* Frameworks */ = {
			isa = PBXFrameworksBuildPhase;
			buildActionMask = 2147483647;
			files = (
			);
			runOnlyForDeploymentPostprocessing = 0;
		};
		3FB6906D2CCBCFA1004A99A5 /* Frameworks */ = {
			isa = PBXFrameworksBuildPhase;
			buildActionMask = 2147483647;
			files = (
			);
			runOnlyForDeploymentPostprocessing = 0;
		};
/* End PBXFrameworksBuildPhase section */

/* Begin PBXGroup section */
		3FB6904D2CCBCF9E004A99A5 = {
			isa = PBXGroup;
			children = (
				3FB690582CCBCF9E004A99A5 /* project 5 */,
				3FB690692CCBCFA1004A99A5 /* project 5Tests */,
				3FB690732CCBCFA1004A99A5 /* project 5UITests */,
				3FB690572CCBCF9E004A99A5 /* Products */,
			);
			sourceTree = "<group>";
		};
		3FB690572CCBCF9E004A99A5 /* Products */ = {
			isa = PBXGroup;
			children = (
				3FB690562CCBCF9E004A99A5 /* project 5.app */,
				3FB690662CCBCFA1004A99A5 /* project 5Tests.xctest */,
				3FB690702CCBCFA1004A99A5 /* project 5UITests.xctest */,
			);
			name = Products;
			sourceTree = "<group>";
		};
		3FB690582CCBCF9E004A99A5 /* project 5 */ = {
			isa = PBXGroup;
			children = (
				3FB690592CCBCF9E004A99A5 /* project_5App.swift */,
				3FB6905B2CCBCF9E004A99A5 /* ContentView.swift */,
				3FB6905D2CCBCFA0004A99A5 /* Assets.xcassets */,
				3FB6905F2CCBCFA0004A99A5 /* Preview Content */,
			);
			path = "project 5";
			sourceTree = "<group>";
		};
		3FB6905F2CCBCFA0004A99A5 /* Preview Content */ = {
			isa = PBXGroup;
			children = (
				3FB690602CCBCFA0004A99A5 /* Preview Assets.xcassets */,
			);
			path = "Preview Content";
			sourceTree = "<group>";
		};
		3FB690692CCBCFA1004A99A5 /* project 5Tests */ = {
			isa = PBXGroup;
			children = (
				3FB6906A2CCBCFA1004A99A5 /* project_5Tests.swift */,
			);
			path = "project 5Tests";
			sourceTree = "<group>";
		};
		3FB690732CCBCFA1004A99A5 /* project 5UITests */ = {
			isa = PBXGroup;
			children = (
				3FB690742CCBCFA1004A99A5 /* project_5UITests.swift */,
				3FB690762CCBCFA1004A99A5 /* project_5UITestsLaunchTests.swift */,
			);
			path = "project 5UITests";
			sourceTree = "<group>";
		};
/* End PBXGroup section */

/* Begin PBXNativeTarget section */
		3FB690552CCBCF9E004A99A5 /* project 5 */ = {
			isa = PBXNativeTarget;
			buildConfigurationList = 3FB6907A2CCBCFA1004A99A5 /* Build configuration list for PBXNativeTarget "project 5" */;
			buildPhases = (
				3FB690522CCBCF9E004A99A5 /* Sources */,
				3FB690532CCBCF9E004A99A5 /* Frameworks */,
				3FB690542CCBCF9E004A99A5 /* Resources */,
			);
			buildRules = (
			);
			dependencies = (
			);
			name = "project 5";
			productName = "project 5";
			productReference = 3FB690562CCBCF9E004A99A5 /* project 5.app */;
			productType = "com.apple.product-type.application";
		};
		3FB690652CCBCFA1004A99A5 /* project 5Tests */ = {
			isa = PBXNativeTarget;
			buildConfigurationList = 3FB6907D2CCBCFA1004A99A5 /* Build configuration list for PBXNativeTarget "project 5Tests" */;
			buildPhases = (
				3FB690622CCBCFA1004A99A5 /* Sources */,
				3FB690632CCBCFA1004A99A5 /* Frameworks */,
				3FB690642CCBCFA1004A99A5 /* Resources */,
			);
			buildRules = (
			);
			dependencies = (
				3FB690682CCBCFA1004A99A5 /* PBXTargetDependency */,
			);
			name = "project 5Tests";
			productName = "project 5Tests";
			productReference = 3FB690662CCBCFA1004A99A5 /* project 5Tests.xctest */;
			productType = "com.apple.product-type.bundle.unit-test";
		};
		3FB6906F2CCBCFA1004A99A5 /* project 5UITests */ = {
			isa = PBXNativeTarget;
			buildConfigurationList = 3FB690802CCBCFA1004A99A5 /* Build configuration list for PBXNativeTarget "project 5UITests" */;
			buildPhases = (
				3FB6906C2CCBCFA1004A99A5 /* Sources */,
				3FB6906D2CCBCFA1004A99A5 /* Frameworks */,
				3FB6906E2CCBCFA1004A99A5 /* Resources */,
			);
			buildRules = (
			);
			dependencies = (
				3FB690722CCBCFA1004A99A5 /* PBXTargetDependency */,
			);
			name = "project 5UITests";
			productName = "project 5UITests";
			productReference = 3FB690702CCBCFA1004A99A5 /* project 5UITests.xctest */;
			productType = "com.apple.product-type.bundle.ui-testing";
		};
/* End PBXNativeTarget section */

/* Begin PBXProject section */
		3FB6904E2CCBCF9E004A99A5 /* Project object */ = {
			isa = PBXProject;
			attributes = {
				BuildIndependentTargetsInParallel = 1;
				LastSwiftUpdateCheck = 1540;
				LastUpgradeCheck = 1540;
				TargetAttributes = {
					3FB690552CCBCF9E004A99A5 = {
						CreatedOnToolsVersion = 15.4;
					};
					3FB690652CCBCFA1004A99A5 = {
						CreatedOnToolsVersion = 15.4;
						TestTargetID = 3FB690552CCBCF9E004A99A5;
					};
					3FB6906F2CCBCFA1004A99A5 = {
						CreatedOnToolsVersion = 15.4;
						TestTargetID = 3FB690552CCBCF9E004A99A5;
					};
				};
			};
			buildConfigurationList = 3FB690512CCBCF9E004A99A5 /* Build configuration list for PBXProject "project 5" */;
			compatibilityVersion = "Xcode 14.0";
			developmentRegion = en;
			hasScannedForEncodings = 0;
			knownRegions = (
				en,
				Base,
			);
			mainGroup = 3FB6904D2CCBCF9E004A99A5;
			productRefGroup = 3FB690572CCBCF9E004A99A5 /* Products */;
			projectDirPath = "";
			projectRoot = "";
			targets = (
				3FB690552CCBCF9E004A99A5 /* project 5 */,
				3FB690652CCBCFA1004A99A5 /* project 5Tests */,
				3FB6906F2CCBCFA1004A99A5 /* project 5UITests */,
			);
		};
/* End PBXProject section */

/* Begin PBXResourcesBuildPhase section */
		3FB690542CCBCF9E004A99A5 /* Resources */ = {
			isa = PBXResourcesBuildPhase;
			buildActionMask = 2147483647;
			files = (
				3FB690612CCBCFA0004A99A5 /* Preview Assets.xcassets in Resources */,
				3FB6905E2CCBCFA0004A99A5 /* Assets.xcassets in Resources */,
			);
			runOnlyForDeploymentPostprocessing = 0;
		};
		3FB690642CCBCFA1004A99A5 /* Resources */ = {
			isa = PBXResourcesBuildPhase;
			buildActionMask = 2147483647;
			files = (
			);
			runOnlyForDeploymentPostprocessing = 0;
		};
		3FB6906E2CCBCFA1004A99A5 /* Resources */ = {
			isa = PBXResourcesBuildPhase;
			buildActionMask = 2147483647;
			files = (
			);
			runOnlyForDeploymentPostprocessing = 0;
		};
/* End PBXResourcesBuildPhase section */

/* Begin PBXSourcesBuildPhase section */
		3FB690522CCBCF9E004A99A5 /* Sources */ = {
			isa = PBXSourcesBuildPhase;
			buildActionMask = 2147483647;
			files = (
				3FB6905C2CCBCF9E004A99A5 /* ContentView.swift in Sources */,
				3FB6905A2CCBCF9E004A99A5 /* project_5App.swift in Sources */,
			);
			runOnlyForDeploymentPostprocessing = 0;
		};
		3FB690622CCBCFA1004A99A5 /* Sources */ = {
			isa = PBXSourcesBuildPhase;
			buildActionMask = 2147483647;
			files = (
				3FB6906B2CCBCFA1004A99A5 /* project_5Tests.swift in Sources */,
			);
			runOnlyForDeploymentPostprocessing = 0;
		};
		3FB6906C2CCBCFA1004A99A5 /* Sources */ = {
			isa = PBXSourcesBuildPhase;
			buildActionMask = 2147483647;
			files = (
				3FB690772CCBCFA1004A99A5 /* project_5UITestsLaunchTests.swift in Sources */,
				3FB690752CCBCFA1004A99A5 /* project_5UITests.swift in Sources */,
			);
			runOnlyForDeploymentPostprocessing = 0;
		};
/* End PBXSourcesBuildPhase section */

/* Begin PBXTargetDependency section */
		3FB690682CCBCFA1004A99A5 /* PBXTargetDependency */ = {
			isa = PBXTargetDependency;
			target = 3FB690552CCBCF9E004A99A5 /* project 5 */;
			targetProxy = 3FB690672CCBCFA1004A99A5 /* PBXContainerItemProxy */;
		};
		3FB690722CCBCFA1004A99A5 /* PBXTargetDependency */ = {
			isa = PBXTargetDependency;
			target = 3FB690552CCBCF9E004A99A5 /* project 5 */;
			targetProxy = 3FB690712CCBCFA1004A99A5 /* PBXContainerItemProxy */;
		};
/* End PBXTargetDependency section */

/* Begin XCBuildConfiguration section */
		3FB690782CCBCFA1004A99A5 /* Debug */ = {
			isa = XCBuildConfiguration;
			buildSettings = {
				ALWAYS_SEARCH_USER_PATHS = NO;
				ASSETCATALOG_COMPILER_GENERATE_SWIFT_ASSET_SYMBOL_EXTENSIONS = YES;
				CLANG_ANALYZER_NONNULL = YES;
				CLANG_ANALYZER_NUMBER_OBJECT_CONVERSION = YES_AGGRESSIVE;
				CLANG_CXX_LANGUAGE_STANDARD = "gnu++20";
				CLANG_ENABLE_MODULES = YES;
				CLANG_ENABLE_OBJC_ARC = YES;
				CLANG_ENABLE_OBJC_WEAK = YES;
				CLANG_WARN_BLOCK_CAPTURE_AUTORELEASING = YES;
				CLANG_WARN_BOOL_CONVERSION = YES;
				CLANG_WARN_COMMA = YES;
				CLANG_WARN_CONSTANT_CONVERSION = YES;
				CLANG_WARN_DEPRECATED_OBJC_IMPLEMENTATIONS = YES;
				CLANG_WARN_DIRECT_OBJC_ISA_USAGE = YES_ERROR;
				CLANG_WARN_DOCUMENTATION_COMMENTS = YES;
				CLANG_WARN_EMPTY_BODY = YES;
				CLANG_WARN_ENUM_CONVERSION = YES;
				CLANG_WARN_INFINITE_RECURSION = YES;
				CLANG_WARN_INT_CONVERSION = YES;
				CLANG_WARN_NON_LITERAL_NULL_CONVERSION = YES;
				CLANG_WARN_OBJC_IMPLICIT_RETAIN_SELF = YES;
				CLANG_WARN_OBJC_LITERAL_CONVERSION = YES;
				CLANG_WARN_OBJC_ROOT_CLASS = YES_ERROR;
				CLANG_WARN_QUOTED_INCLUDE_IN_FRAMEWORK_HEADER = YES;
				CLANG_WARN_RANGE_LOOP_ANALYSIS = YES;
				CLANG_WARN_STRICT_PROTOTYPES = YES;
				CLANG_WARN_SUSPICIOUS_MOVE = YES;
				CLANG_WARN_UNGUARDED_AVAILABILITY = YES_AGGRESSIVE;
				CLANG_WARN_UNREACHABLE_CODE = YES;
				CLANG_WARN__DUPLICATE_METHOD_MATCH = YES;
				COPY_PHASE_STRIP = NO;
				DEBUG_INFORMATION_FORMAT = dwarf;
				ENABLE_STRICT_OBJC_MSGSEND = YES;
				ENABLE_TESTABILITY = YES;
				ENABLE_USER_SCRIPT_SANDBOXING = YES;
				GCC_C_LANGUAGE_STANDARD = gnu17;
				GCC_DYNAMIC_NO_PIC = NO;
				GCC_NO_COMMON_BLOCKS = YES;
				GCC_OPTIMIZATION_LEVEL = 0;
				GCC_PREPROCESSOR_DEFINITIONS = (
					"DEBUG=1",
					"$(inherited)",
				);
				GCC_WARN_64_TO_32_BIT_CONVERSION = YES;
				GCC_WARN_ABOUT_RETURN_TYPE = YES_ERROR;
				GCC_WARN_UNDECLARED_SELECTOR = YES;
				GCC_WARN_UNINITIALIZED_AUTOS = YES_AGGRESSIVE;
				GCC_WARN_UNUSED_FUNCTION = YES;
				GCC_WARN_UNUSED_VARIABLE = YES;
				IPHONEOS_DEPLOYMENT_TARGET = 17.5;
				LOCALIZATION_PREFERS_STRING_CATALOGS = YES;
				MTL_ENABLE_DEBUG_INFO = INCLUDE_SOURCE;
				MTL_FAST_MATH = YES;
				ONLY_ACTIVE_ARCH = YES;
				SDKROOT = iphoneos;
				SWIFT_ACTIVE_COMPILATION_CONDITIONS = "DEBUG $(inherited)";
				SWIFT_OPTIMIZATION_LEVEL = "-Onone";
			};
			name = Debug;
		};
		3FB690792CCBCFA1004A99A5 /* Release */ = {
			isa = XCBuildConfiguration;
			buildSettings = {
				ALWAYS_SEARCH_USER_PATHS = NO;
				ASSETCATALOG_COMPILER_GENERATE_SWIFT_ASSET_SYMBOL_EXTENSIONS = YES;
				CLANG_ANALYZER_NONNULL = YES;
				CLANG_ANALYZER_NUMBER_OBJECT_CONVERSION = YES_AGGRESSIVE;
				CLANG_CXX_LANGUAGE_STANDARD = "gnu++20";
				CLANG_ENABLE_MODULES = YES;
				CLANG_ENABLE_OBJC_ARC = YES;
				CLANG_ENABLE_OBJC_WEAK = YES;
				CLANG_WARN_BLOCK_CAPTURE_AUTORELEASING = YES;
				CLANG_WARN_BOOL_CONVERSION = YES;
				CLANG_WARN_COMMA = YES;
				CLANG_WARN_CONSTANT_CONVERSION = YES;
				CLANG_WARN_DEPRECATED_OBJC_IMPLEMENTATIONS = YES;
				CLANG_WARN_DIRECT_OBJC_ISA_USAGE = YES_ERROR;
				CLANG_WARN_DOCUMENTATION_COMMENTS = YES;
				CLANG_WARN_EMPTY_BODY = YES;
				CLANG_WARN_ENUM_CONVERSION = YES;
				CLANG_WARN_INFINITE_RECURSION = YES;
				CLANG_WARN_INT_CONVERSION = YES;
				CLANG_WARN_NON_LITERAL_NULL_CONVERSION = YES;
				CLANG_WARN_OBJC_IMPLICIT_RETAIN_SELF = YES;
				CLANG_WARN_OBJC_LITERAL_CONVERSION = YES;
				CLANG_WARN_OBJC_ROOT_CLASS = YES_ERROR;
				CLANG_WARN_QUOTED_INCLUDE_IN_FRAMEWORK_HEADER = YES;
				CLANG_WARN_RANGE_LOOP_ANALYSIS = YES;
				CLANG_WARN_STRICT_PROTOTYPES = YES;
				CLANG_WARN_SUSPICIOUS_MOVE = YES;
				CLANG_WARN_UNGUARDED_AVAILABILITY = YES_AGGRESSIVE;
				CLANG_WARN_UNREACHABLE_CODE = YES;
				CLANG_WARN__DUPLICATE_METHOD_MATCH = YES;
				COPY_PHASE_STRIP = NO;
				DEBUG_INFORMATION_FORMAT = "dwarf-with-dsym";
				ENABLE_NS_ASSERTIONS = NO;
				ENABLE_STRICT_OBJC_MSGSEND = YES;
				ENABLE_USER_SCRIPT_SANDBOXING = YES;
				GCC_C_LANGUAGE_STANDARD = gnu17;
				GCC_NO_COMMON_BLOCKS = YES;
				GCC_WARN_64_TO_32_BIT_CONVERSION = YES;
				GCC_WARN_ABOUT_RETURN_TYPE = YES_ERROR;
				GCC_WARN_UNDECLARED_SELECTOR = YES;
				GCC_WARN_UNINITIALIZED_AUTOS = YES_AGGRESSIVE;
				GCC_WARN_UNUSED_FUNCTION = YES;
				GCC_WARN_UNUSED_VARIABLE = YES;
				IPHONEOS_DEPLOYMENT_TARGET = 17.5;
				LOCALIZATION_PREFERS_STRING_CATALOGS = YES;
				MTL_ENABLE_DEBUG_INFO = NO;
				MTL_FAST_MATH = YES;
				SDKROOT = iphoneos;
				SWIFT_COMPILATION_MODE = wholemodule;
				VALIDATE_PRODUCT = YES;
			};
			name = Release;
		};
		3FB6907B2CCBCFA1004A99A5 /* Debug */ = {
			isa = XCBuildConfiguration;
			buildSettings = {
				ASSETCATALOG_COMPILER_APPICON_NAME = AppIcon;
				ASSETCATALOG_COMPILER_GLOBAL_ACCENT_COLOR_NAME = AccentColor;
				CODE_SIGN_STYLE = Automatic;
				CURRENT_PROJECT_VERSION = 1;
				DEVELOPMENT_ASSET_PATHS = "\"project 5/Preview Content\"";
				ENABLE_PREVIEWS = YES;
				GENERATE_INFOPLIST_FILE = YES;
				INFOPLIST_KEY_UIApplicationSceneManifest_Generation = YES;
				INFOPLIST_KEY_UIApplicationSupportsIndirectInputEvents = YES;
				INFOPLIST_KEY_UILaunchScreen_Generation = YES;
				INFOPLIST_KEY_UISupportedInterfaceOrientations_iPad = "UIInterfaceOrientationPortrait UIInterfaceOrientationPortraitUpsideDown UIInterfaceOrientationLandscapeLeft UIInterfaceOrientationLandscapeRight";
				INFOPLIST_KEY_UISupportedInterfaceOrientations_iPhone = "UIInterfaceOrientationPortrait UIInterfaceOrientationLandscapeLeft UIInterfaceOrientationLandscapeRight";
				LD_RUNPATH_SEARCH_PATHS = (
					"$(inherited)",
					"@executable_path/Frameworks",
				);
				MARKETING_VERSION = 1.0;
				PRODUCT_BUNDLE_IDENTIFIER = "Evan-Sherfey.project-5";
				PRODUCT_NAME = "$(TARGET_NAME)";
				SWIFT_EMIT_LOC_STRINGS = YES;
				SWIFT_VERSION = 5.0;
				TARGETED_DEVICE_FAMILY = "1,2";
			};
			name = Debug;
		};
		3FB6907C2CCBCFA1004A99A5 /* Release */ = {
			isa = XCBuildConfiguration;
			buildSettings = {
				ASSETCATALOG_COMPILER_APPICON_NAME = AppIcon;
				ASSETCATALOG_COMPILER_GLOBAL_ACCENT_COLOR_NAME = AccentColor;
				CODE_SIGN_STYLE = Automatic;
				CURRENT_PROJECT_VERSION = 1;
				DEVELOPMENT_ASSET_PATHS = "\"project 5/Preview Content\"";
				ENABLE_PREVIEWS = YES;
				GENERATE_INFOPLIST_FILE = YES;
				INFOPLIST_KEY_UIApplicationSceneManifest_Generation = YES;
				INFOPLIST_KEY_UIApplicationSupportsIndirectInputEvents = YES;
				INFOPLIST_KEY_UILaunchScreen_Generation = YES;
				INFOPLIST_KEY_UISupportedInterfaceOrientations_iPad = "UIInterfaceOrientationPortrait UIInterfaceOrientationPortraitUpsideDown UIInterfaceOrientationLandscapeLeft UIInterfaceOrientationLandscapeRight";
				INFOPLIST_KEY_UISupportedInterfaceOrientations_iPhone = "UIInterfaceOrientationPortrait UIInterfaceOrientationLandscapeLeft UIInterfaceOrientationLandscapeRight";
				LD_RUNPATH_SEARCH_PATHS = (
					"$(inherited)",
					"@executable_path/Frameworks",
				);
				MARKETING_VERSION = 1.0;
				PRODUCT_BUNDLE_IDENTIFIER = "Evan-Sherfey.project-5";
				PRODUCT_NAME = "$(TARGET_NAME)";
				SWIFT_EMIT_LOC_STRINGS = YES;
				SWIFT_VERSION = 5.0;
				TARGETED_DEVICE_FAMILY = "1,2";
			};
			name = Release;
		};
		3FB6907E2CCBCFA1004A99A5 /* Debug */ = {
			isa = XCBuildConfiguration;
			buildSettings = {
				ALWAYS_EMBED_SWIFT_STANDARD_LIBRARIES = YES;
				BUNDLE_LOADER = "$(TEST_HOST)";
				CODE_SIGN_STYLE = Automatic;
				CURRENT_PROJECT_VERSION = 1;
				GENERATE_INFOPLIST_FILE = YES;
				IPHONEOS_DEPLOYMENT_TARGET = 17.5;
				MARKETING_VERSION = 1.0;
				PRODUCT_BUNDLE_IDENTIFIER = "Evan-Sherfey.project-5Tests";
				PRODUCT_NAME = "$(TARGET_NAME)";
				SWIFT_EMIT_LOC_STRINGS = NO;
				SWIFT_VERSION = 5.0;
				TARGETED_DEVICE_FAMILY = "1,2";
				TEST_HOST = "$(BUILT_PRODUCTS_DIR)/project 5.app/$(BUNDLE_EXECUTABLE_FOLDER_PATH)/project 5";
			};
			name = Debug;
		};
		3FB6907F2CCBCFA1004A99A5 /* Release */ = {
			isa = XCBuildConfiguration;
			buildSettings = {
				ALWAYS_EMBED_SWIFT_STANDARD_LIBRARIES = YES;
				BUNDLE_LOADER = "$(TEST_HOST)";
				CODE_SIGN_STYLE = Automatic;
				CURRENT_PROJECT_VERSION = 1;
				GENERATE_INFOPLIST_FILE = YES;
				IPHONEOS_DEPLOYMENT_TARGET = 17.5;
				MARKETING_VERSION = 1.0;
				PRODUCT_BUNDLE_IDENTIFIER = "Evan-Sherfey.project-5Tests";
				PRODUCT_NAME = "$(TARGET_NAME)";
				SWIFT_EMIT_LOC_STRINGS = NO;
				SWIFT_VERSION = 5.0;
				TARGETED_DEVICE_FAMILY = "1,2";
				TEST_HOST = "$(BUILT_PRODUCTS_DIR)/project 5.app/$(BUNDLE_EXECUTABLE_FOLDER_PATH)/project 5";
			};
			name = Release;
		};
		3FB690812CCBCFA1004A99A5 /* Debug */ = {
			isa = XCBuildConfiguration;
			buildSettings = {
				ALWAYS_EMBED_SWIFT_STANDARD_LIBRARIES = YES;
				CODE_SIGN_STYLE = Automatic;
				CURRENT_PROJECT_VERSION = 1;
				GENERATE_INFOPLIST_FILE = YES;
				MARKETING_VERSION = 1.0;
				PRODUCT_BUNDLE_IDENTIFIER = "Evan-Sherfey.project-5UITests";
				PRODUCT_NAME = "$(TARGET_NAME)";
				SWIFT_EMIT_LOC_STRINGS = NO;
				SWIFT_VERSION = 5.0;
				TARGETED_DEVICE_FAMILY = "1,2";
				TEST_TARGET_NAME = "project 5";
			};
			name = Debug;
		};
		3FB690822CCBCFA1004A99A5 /* Release */ = {
			isa = XCBuildConfiguration;
			buildSettings = {
				ALWAYS_EMBED_SWIFT_STANDARD_LIBRARIES = YES;
				CODE_SIGN_STYLE = Automatic;
				CURRENT_PROJECT_VERSION = 1;
				GENERATE_INFOPLIST_FILE = YES;
				MARKETING_VERSION = 1.0;
				PRODUCT_BUNDLE_IDENTIFIER = "Evan-Sherfey.project-5UITests";
				PRODUCT_NAME = "$(TARGET_NAME)";
				SWIFT_EMIT_LOC_STRINGS = NO;
				SWIFT_VERSION = 5.0;
				TARGETED_DEVICE_FAMILY = "1,2";
				TEST_TARGET_NAME = "project 5";
			};
			name = Release;
		};
/* End XCBuildConfiguration section */

/* Begin XCConfigurationList section */
		3FB690512CCBCF9E004A99A5 /* Build configuration list for PBXProject "project 5" */ = {
			isa = XCConfigurationList;
			buildConfigurations = (
				3FB690782CCBCFA1004A99A5 /* Debug */,
				3FB690792CCBCFA1004A99A5 /* Release */,
			);
			defaultConfigurationIsVisible = 0;
			defaultConfigurationName = Release;
		};
		3FB6907A2CCBCFA1004A99A5 /* Build configuration list for PBXNativeTarget "project 5" */ = {
			isa = XCConfigurationList;
			buildConfigurations = (
				3FB6907B2CCBCFA1004A99A5 /* Debug */,
				3FB6907C2CCBCFA1004A99A5 /* Release */,
			);
			defaultConfigurationIsVisible = 0;
			defaultConfigurationName = Release;
		};
		3FB6907D2CCBCFA1004A99A5 /* Build configuration list for PBXNativeTarget "project 5Tests" */ = {
			isa = XCConfigurationList;
			buildConfigurations = (
				3FB6907E2CCBCFA1004A99A5 /* Debug */,
				3FB6907F2CCBCFA1004A99A5 /* Release */,
			);
			defaultConfigurationIsVisible = 0;
			defaultConfigurationName = Release;
		};
		3FB690802CCBCFA1004A99A5 /* Build configuration list for PBXNativeTarget "project 5UITests" */ = {
			isa = XCConfigurationList;
			buildConfigurations = (
				3FB690812CCBCFA1004A99A5 /* Debug */,
				3FB690822CCBCFA1004A99A5 /* Release */,
			);
			defaultConfigurationIsVisible = 0;
			defaultConfigurationName = Release;
		};
/* End XCConfigurationList section */
	};
	rootObject = 3FB6904E2CCBCF9E004A99A5 /* Project object */;
}
